
Microsoft Visual Studio Solution File, Format Version 12.00
# Visual Studio Version 16
VisualStudioVersion = 16.0.28803.452
MinimumVisualStudioVersion = 10.0.40219.1
Project("{FAE04EC0-301F-11D3-BF4B-00C04F79EFBC}") = "ConsoleAppLesson4", "ConsoleAppLesson4.csproj", "{DBCFB178-FD49-40B4-98F0-A148EFCD8C00}"
EndProject
Global
	GlobalSection(SolutionConfigurationPlatforms) = preSolution
		Debug|Any CPU = Debug|Any CPU
		Release|Any CPU = Release|Any CPU
	EndGlobalSection
	GlobalSection(ProjectConfigurationPlatforms) = postSolution
		{DBCFB178-FD49-40B4-98F0-A148EFCD8C00}.Debug|Any CPU.ActiveCfg = Debug|Any CPU
		{DBCFB178-FD49-40B4-98F0-A148EFCD8C00}.Debug|Any CPU.Build.0 = Debug|Any CPU
		{DBCFB178-FD49-40B4-98F0-A148EFCD8C00}.Release|Any CPU.ActiveCfg = Release|Any CPU
		{DBCFB178-FD49-40B4-98F0-A148EFCD8C00}.Release|Any CPU.Build.0 = Release|Any CPU
	EndGlobalSection
	GlobalSection(SolutionProperties) = preSolution
		HideSolutionNode = FALSE
	EndGlobalSection
	GlobalSection(ExtensibilityGlobals) = postSolution
		SolutionGuid = {1D23E2BA-86FF-47F0-807E-7E9B4BEDDD89}
	EndGlobalSection
EndGlobal
